// !$*UTF8*$!
{
	archiveVersion = 1;
	classes = {
	};
	objectVersion = 55;
	objects = {

/* Begin PBXBuildFile section */
		1C1A1466283F619E00B07C26 /* AppDelegate.swift in Sources */ = {isa = PBXBuildFile; fileRef = 1C1A1465283F619E00B07C26 /* AppDelegate.swift */; };
		1C1A1468283F619E00B07C26 /* SceneDelegate.swift in Sources */ = {isa = PBXBuildFile; fileRef = 1C1A1467283F619E00B07C26 /* SceneDelegate.swift */; };
		1C1A146F283F619F00B07C26 /* Assets.xcassets in Resources */ = {isa = PBXBuildFile; fileRef = 1C1A146E283F619F00B07C26 /* Assets.xcassets */; };
		1C1A1472283F619F00B07C26 /* LaunchScreen.storyboard in Resources */ = {isa = PBXBuildFile; fileRef = 1C1A1470283F619F00B07C26 /* LaunchScreen.storyboard */; };
		1C1A147B283F653100B07C26 /* UIKitViewController.swift in Sources */ = {isa = PBXBuildFile; fileRef = 1C1A147A283F653100B07C26 /* UIKitViewController.swift */; };
		1C1A147F283F69A000B07C26 /* ProjectTableViewCell.swift in Sources */ = {isa = PBXBuildFile; fileRef = 1C1A147E283F69A000B07C26 /* ProjectTableViewCell.swift */; };
		1C1A148328400E1700B07C26 /* VCLifcycleVC.swift in Sources */ = {isa = PBXBuildFile; fileRef = 1C1A148228400E1700B07C26 /* VCLifcycleVC.swift */; };
		1C1A148728426DEB00B07C26 /* AnotherVC.swift in Sources */ = {isa = PBXBuildFile; fileRef = 1C1A148628426DEB00B07C26 /* AnotherVC.swift */; };
		1C1A14892843470C00B07C26 /* PickerVC.swift in Sources */ = {isa = PBXBuildFile; fileRef = 1C1A14882843470C00B07C26 /* PickerVC.swift */; };
		1C1A148C2844A9EA00B07C26 /* TabBarVC.swift in Sources */ = {isa = PBXBuildFile; fileRef = 1C1A148B2844A9EA00B07C26 /* TabBarVC.swift */; };
		1C4B710128473F5600B6AD8F /* ContactsVC.swift in Sources */ = {isa = PBXBuildFile; fileRef = 1C4B710028473F5600B6AD8F /* ContactsVC.swift */; };
		1C4B710728475F4200B6AD8F /* ContactCell.swift in Sources */ = {isa = PBXBuildFile; fileRef = 1C4B710628475F4200B6AD8F /* ContactCell.swift */; };
		1C5F9CA72848DA0600DBEE19 /* SettingsVC.swift in Sources */ = {isa = PBXBuildFile; fileRef = 1C5F9CA62848DA0600DBEE19 /* SettingsVC.swift */; };
		1C5F9CAB28494FF800DBEE19 /* NewContactVC.swift in Sources */ = {isa = PBXBuildFile; fileRef = 1C5F9CAA28494FF800DBEE19 /* NewContactVC.swift */; };
		1C5F9CAD284B59C700DBEE19 /* SettingCell.swift in Sources */ = {isa = PBXBuildFile; fileRef = 1C5F9CAC284B59C700DBEE19 /* SettingCell.swift */; };
		1C5F9CCF28522DA200DBEE19 /* GestureRecognizerVC.swift in Sources */ = {isa = PBXBuildFile; fileRef = 1C5F9CCE28522DA200DBEE19 /* GestureRecognizerVC.swift */; };
		1C5F9CD228564F7200DBEE19 /* SecondViewController.swift in Sources */ = {isa = PBXBuildFile; fileRef = 1C5F9CD128564F7200DBEE19 /* SecondViewController.swift */; };
/* End PBXBuildFile section */

/* Begin PBXFileReference section */
		1C1A1462283F619E00B07C26 /* UIKitBasics.app */ = {isa = PBXFileReference; explicitFileType = wrapper.application; includeInIndex = 0; path = UIKitBasics.app; sourceTree = BUILT_PRODUCTS_DIR; };
		1C1A1465283F619E00B07C26 /* AppDelegate.swift */ = {isa = PBXFileReference; lastKnownFileType = sourcecode.swift; path = AppDelegate.swift; sourceTree = "<group>"; };
		1C1A1467283F619E00B07C26 /* SceneDelegate.swift */ = {isa = PBXFileReference; lastKnownFileType = sourcecode.swift; path = SceneDelegate.swift; sourceTree = "<group>"; };
		1C1A146E283F619F00B07C26 /* Assets.xcassets */ = {isa = PBXFileReference; lastKnownFileType = folder.assetcatalog; path = Assets.xcassets; sourceTree = "<group>"; };
		1C1A1471283F619F00B07C26 /* Base */ = {isa = PBXFileReference; lastKnownFileType = file.storyboard; name = Base; path = Base.lproj/LaunchScreen.storyboard; sourceTree = "<group>"; };
		1C1A1473283F619F00B07C26 /* Info.plist */ = {isa = PBXFileReference; lastKnownFileType = text.plist.xml; path = Info.plist; sourceTree = "<group>"; };
		1C1A147A283F653100B07C26 /* UIKitViewController.swift */ = {isa = PBXFileReference; lastKnownFileType = sourcecode.swift; path = UIKitViewController.swift; sourceTree = "<group>"; };
		1C1A147E283F69A000B07C26 /* ProjectTableViewCell.swift */ = {isa = PBXFileReference; lastKnownFileType = sourcecode.swift; path = ProjectTableViewCell.swift; sourceTree = "<group>"; };
		1C1A148228400E1700B07C26 /* VCLifcycleVC.swift */ = {isa = PBXFileReference; lastKnownFileType = sourcecode.swift; path = VCLifcycleVC.swift; sourceTree = "<group>"; };
		1C1A148628426DEB00B07C26 /* AnotherVC.swift */ = {isa = PBXFileReference; lastKnownFileType = sourcecode.swift; path = AnotherVC.swift; sourceTree = "<group>"; };
		1C1A14882843470C00B07C26 /* PickerVC.swift */ = {isa = PBXFileReference; lastKnownFileType = sourcecode.swift; path = PickerVC.swift; sourceTree = "<group>"; };
		1C1A148B2844A9EA00B07C26 /* TabBarVC.swift */ = {isa = PBXFileReference; lastKnownFileType = sourcecode.swift; path = TabBarVC.swift; sourceTree = "<group>"; };
		1C4B710028473F5600B6AD8F /* ContactsVC.swift */ = {isa = PBXFileReference; lastKnownFileType = sourcecode.swift; path = ContactsVC.swift; sourceTree = "<group>"; };
		1C4B710628475F4200B6AD8F /* ContactCell.swift */ = {isa = PBXFileReference; lastKnownFileType = sourcecode.swift; path = ContactCell.swift; sourceTree = "<group>"; };
		1C5F9CA62848DA0600DBEE19 /* SettingsVC.swift */ = {isa = PBXFileReference; lastKnownFileType = sourcecode.swift; path = SettingsVC.swift; sourceTree = "<group>"; };
		1C5F9CAA28494FF800DBEE19 /* NewContactVC.swift */ = {isa = PBXFileReference; lastKnownFileType = sourcecode.swift; path = NewContactVC.swift; sourceTree = "<group>"; };
		1C5F9CAC284B59C700DBEE19 /* SettingCell.swift */ = {isa = PBXFileReference; lastKnownFileType = sourcecode.swift; path = SettingCell.swift; sourceTree = "<group>"; };
		1C5F9CCE28522DA200DBEE19 /* GestureRecognizerVC.swift */ = {isa = PBXFileReference; lastKnownFileType = sourcecode.swift; path = GestureRecognizerVC.swift; sourceTree = "<group>"; };
		1C5F9CD128564F7200DBEE19 /* SecondViewController.swift */ = {isa = PBXFileReference; lastKnownFileType = sourcecode.swift; path = SecondViewController.swift; sourceTree = "<group>"; };
/* End PBXFileReference section */

/* Begin PBXFrameworksBuildPhase section */
		1C1A145F283F619E00B07C26 /* Frameworks */ = {
			isa = PBXFrameworksBuildPhase;
			buildActionMask = 2147483647;
			files = (
			);
			runOnlyForDeploymentPostprocessing = 0;
		};
/* End PBXFrameworksBuildPhase section */

/* Begin PBXGroup section */
		1C1A1459283F619E00B07C26 = {
			isa = PBXGroup;
			children = (
				1C1A1464283F619E00B07C26 /* UIKitBasics */,
				1C1A1463283F619E00B07C26 /* Products */,
			);
			sourceTree = "<group>";
		};
		1C1A1463283F619E00B07C26 /* Products */ = {
			isa = PBXGroup;
			children = (
				1C1A1462283F619E00B07C26 /* UIKitBasics.app */,
			);
			name = Products;
			sourceTree = "<group>";
		};
		1C1A1464283F619E00B07C26 /* UIKitBasics */ = {
			isa = PBXGroup;
			children = (
				1C1A1465283F619E00B07C26 /* AppDelegate.swift */,
				1C1A1467283F619E00B07C26 /* SceneDelegate.swift */,
				1C1A146E283F619F00B07C26 /* Assets.xcassets */,
				1C1A1470283F619F00B07C26 /* LaunchScreen.storyboard */,
				1C1A1473283F619F00B07C26 /* Info.plist */,
				1C1A147A283F653100B07C26 /* UIKitViewController.swift */,
				1C1A147E283F69A000B07C26 /* ProjectTableViewCell.swift */,
				1C1A14852840E75300B07C26 /* (1)ViewControllerLifecycle */,
				1C1A148A2843471500B07C26 /* (2)UIPickerView */,
				1C1A148D2844A9F100B07C26 /* (3)UITabBarController */,
				1C5F9CD028522DA900DBEE19 /* GestureRecognizer */,
			);
			path = UIKitBasics;
			sourceTree = "<group>";
		};
		1C1A14852840E75300B07C26 /* (1)ViewControllerLifecycle */ = {
			isa = PBXGroup;
			children = (
				1C1A148228400E1700B07C26 /* VCLifcycleVC.swift */,
				1C1A148628426DEB00B07C26 /* AnotherVC.swift */,
			);
			path = "(1)ViewControllerLifecycle";
			sourceTree = "<group>";
		};
		1C1A148A2843471500B07C26 /* (2)UIPickerView */ = {
			isa = PBXGroup;
			children = (
				1C1A14882843470C00B07C26 /* PickerVC.swift */,
			);
			path = "(2)UIPickerView";
			sourceTree = "<group>";
		};
		1C1A148D2844A9F100B07C26 /* (3)UITabBarController */ = {
			isa = PBXGroup;
			children = (
				1C1A148B2844A9EA00B07C26 /* TabBarVC.swift */,
				1C4B710628475F4200B6AD8F /* ContactCell.swift */,
				1C4B710028473F5600B6AD8F /* ContactsVC.swift */,
				1C5F9CAA28494FF800DBEE19 /* NewContactVC.swift */,
				1C5F9CA62848DA0600DBEE19 /* SettingsVC.swift */,
				1C5F9CAC284B59C700DBEE19 /* SettingCell.swift */,
			);
			path = "(3)UITabBarController";
			sourceTree = "<group>";
		};
		1C5F9CD028522DA900DBEE19 /* GestureRecognizer */ = {
			isa = PBXGroup;
			children = (
				1C5F9CCE28522DA200DBEE19 /* GestureRecognizerVC.swift */,
				1C5F9CD128564F7200DBEE19 /* SecondViewController.swift */,
			);
			path = GestureRecognizer;
			sourceTree = "<group>";
		};
/* End PBXGroup section */

/* Begin PBXNativeTarget section */
		1C1A1461283F619E00B07C26 /* UIKitBasics */ = {
			isa = PBXNativeTarget;
			buildConfigurationList = 1C1A1476283F619F00B07C26 /* Build configuration list for PBXNativeTarget "UIKitBasics" */;
			buildPhases = (
				1C1A145E283F619E00B07C26 /* Sources */,
				1C1A145F283F619E00B07C26 /* Frameworks */,
				1C1A1460283F619E00B07C26 /* Resources */,
			);
			buildRules = (
			);
			dependencies = (
			);
			name = UIKitBasics;
			productName = "UIKit Basic";
			productReference = 1C1A1462283F619E00B07C26 /* UIKitBasics.app */;
			productType = "com.apple.product-type.application";
		};
/* End PBXNativeTarget section */

/* Begin PBXProject section */
		1C1A145A283F619E00B07C26 /* Project object */ = {
			isa = PBXProject;
			attributes = {
				BuildIndependentTargetsInParallel = 1;
				LastSwiftUpdateCheck = 1330;
				LastUpgradeCheck = 1330;
				TargetAttributes = {
					1C1A1461283F619E00B07C26 = {
						CreatedOnToolsVersion = 13.3.1;
					};
				};
			};
			buildConfigurationList = 1C1A145D283F619E00B07C26 /* Build configuration list for PBXProject "UIKitBasics" */;
			compatibilityVersion = "Xcode 13.0";
			developmentRegion = en;
			hasScannedForEncodings = 0;
			knownRegions = (
				en,
				Base,
			);
			mainGroup = 1C1A1459283F619E00B07C26;
			productRefGroup = 1C1A1463283F619E00B07C26 /* Products */;
			projectDirPath = "";
			projectRoot = "";
			targets = (
				1C1A1461283F619E00B07C26 /* UIKitBasics */,
			);
		};
/* End PBXProject section */

/* Begin PBXResourcesBuildPhase section */
		1C1A1460283F619E00B07C26 /* Resources */ = {
			isa = PBXResourcesBuildPhase;
			buildActionMask = 2147483647;
			files = (
				1C1A1472283F619F00B07C26 /* LaunchScreen.storyboard in Resources */,
				1C1A146F283F619F00B07C26 /* Assets.xcassets in Resources */,
			);
			runOnlyForDeploymentPostprocessing = 0;
		};
/* End PBXResourcesBuildPhase section */

/* Begin PBXSourcesBuildPhase section */
		1C1A145E283F619E00B07C26 /* Sources */ = {
			isa = PBXSourcesBuildPhase;
			buildActionMask = 2147483647;
			files = (
				1C5F9CA72848DA0600DBEE19 /* SettingsVC.swift in Sources */,
				1C5F9CAB28494FF800DBEE19 /* NewContactVC.swift in Sources */,
				1C1A148328400E1700B07C26 /* VCLifcycleVC.swift in Sources */,
				1C5F9CD228564F7200DBEE19 /* SecondViewController.swift in Sources */,
				1C1A14892843470C00B07C26 /* PickerVC.swift in Sources */,
				1C5F9CAD284B59C700DBEE19 /* SettingCell.swift in Sources */,
				1C1A147F283F69A000B07C26 /* ProjectTableViewCell.swift in Sources */,
				1C5F9CCF28522DA200DBEE19 /* GestureRecognizerVC.swift in Sources */,
				1C1A148728426DEB00B07C26 /* AnotherVC.swift in Sources */,
				1C4B710728475F4200B6AD8F /* ContactCell.swift in Sources */,
				1C1A1466283F619E00B07C26 /* AppDelegate.swift in Sources */,
				1C1A1468283F619E00B07C26 /* SceneDelegate.swift in Sources */,
				1C4B710128473F5600B6AD8F /* ContactsVC.swift in Sources */,
				1C1A148C2844A9EA00B07C26 /* TabBarVC.swift in Sources */,
				1C1A147B283F653100B07C26 /* UIKitViewController.swift in Sources */,
			);
			runOnlyForDeploymentPostprocessing = 0;
		};
/* End PBXSourcesBuildPhase section */

/* Begin PBXVariantGroup section */
		1C1A1470283F619F00B07C26 /* LaunchScreen.storyboard */ = {
			isa = PBXVariantGroup;
			children = (
				1C1A1471283F619F00B07C26 /* Base */,
			);
			name = LaunchScreen.storyboard;
			sourceTree = "<group>";
		};
/* End PBXVariantGroup section */

/* Begin XCBuildConfiguration section */
		1C1A1474283F619F00B07C26 /* Debug */ = {
			isa = XCBuildConfiguration;
			buildSettings = {
				ALWAYS_SEARCH_USER_PATHS = NO;
				CLANG_ANALYZER_NONNULL = YES;
				CLANG_ANALYZER_NUMBER_OBJECT_CONVERSION = YES_AGGRESSIVE;
				CLANG_CXX_LANGUAGE_STANDARD = "gnu++17";
				CLANG_ENABLE_MODULES = YES;
				CLANG_ENABLE_OBJC_ARC = YES;
				CLANG_ENABLE_OBJC_WEAK = YES;
				CLANG_WARN_BLOCK_CAPTURE_AUTORELEASING = YES;
				CLANG_WARN_BOOL_CONVERSION = YES;
				CLANG_WARN_COMMA = YES;
				CLANG_WARN_CONSTANT_CONVERSION = YES;
				CLANG_WARN_DEPRECATED_OBJC_IMPLEMENTATIONS = YES;
				CLANG_WARN_DIRECT_OBJC_ISA_USAGE = YES_ERROR;
				CLANG_WARN_DOCUMENTATION_COMMENTS = YES;
				CLANG_WARN_EMPTY_BODY = YES;
				CLANG_WARN_ENUM_CONVERSION = YES;
				CLANG_WARN_INFINITE_RECURSION = YES;
				CLANG_WARN_INT_CONVERSION = YES;
				CLANG_WARN_NON_LITERAL_NULL_CONVERSION = YES;
				CLANG_WARN_OBJC_IMPLICIT_RETAIN_SELF = YES;
				CLANG_WARN_OBJC_LITERAL_CONVERSION = YES;
				CLANG_WARN_OBJC_ROOT_CLASS = YES_ERROR;
				CLANG_WARN_QUOTED_INCLUDE_IN_FRAMEWORK_HEADER = YES;
				CLANG_WARN_RANGE_LOOP_ANALYSIS = YES;
				CLANG_WARN_STRICT_PROTOTYPES = YES;
				CLANG_WARN_SUSPICIOUS_MOVE = YES;
				CLANG_WARN_UNGUARDED_AVAILABILITY = YES_AGGRESSIVE;
				CLANG_WARN_UNREACHABLE_CODE = YES;
				CLANG_WARN__DUPLICATE_METHOD_MATCH = YES;
				COPY_PHASE_STRIP = NO;
				DEBUG_INFORMATION_FORMAT = dwarf;
				ENABLE_STRICT_OBJC_MSGSEND = YES;
				ENABLE_TESTABILITY = YES;
				GCC_C_LANGUAGE_STANDARD = gnu11;
				GCC_DYNAMIC_NO_PIC = NO;
				GCC_NO_COMMON_BLOCKS = YES;
				GCC_OPTIMIZATION_LEVEL = 0;
				GCC_PREPROCESSOR_DEFINITIONS = (
					"DEBUG=1",
					"$(inherited)",
				);
				GCC_WARN_64_TO_32_BIT_CONVERSION = YES;
				GCC_WARN_ABOUT_RETURN_TYPE = YES_ERROR;
				GCC_WARN_UNDECLARED_SELECTOR = YES;
				GCC_WARN_UNINITIALIZED_AUTOS = YES_AGGRESSIVE;
				GCC_WARN_UNUSED_FUNCTION = YES;
				GCC_WARN_UNUSED_VARIABLE = YES;
				IPHONEOS_DEPLOYMENT_TARGET = 15.4;
				MTL_ENABLE_DEBUG_INFO = INCLUDE_SOURCE;
				MTL_FAST_MATH = YES;
				ONLY_ACTIVE_ARCH = YES;
				SDKROOT = iphoneos;
				SWIFT_ACTIVE_COMPILATION_CONDITIONS = DEBUG;
				SWIFT_OPTIMIZATION_LEVEL = "-Onone";
			};
			name = Debug;
		};
		1C1A1475283F619F00B07C26 /* Release */ = {
			isa = XCBuildConfiguration;
			buildSettings = {
				ALWAYS_SEARCH_USER_PATHS = NO;
				CLANG_ANALYZER_NONNULL = YES;
				CLANG_ANALYZER_NUMBER_OBJECT_CONVERSION = YES_AGGRESSIVE;
				CLANG_CXX_LANGUAGE_STANDARD = "gnu++17";
				CLANG_ENABLE_MODULES = YES;
				CLANG_ENABLE_OBJC_ARC = YES;
				CLANG_ENABLE_OBJC_WEAK = YES;
				CLANG_WARN_BLOCK_CAPTURE_AUTORELEASING = YES;
				CLANG_WARN_BOOL_CONVERSION = YES;
				CLANG_WARN_COMMA = YES;
				CLANG_WARN_CONSTANT_CONVERSION = YES;
				CLANG_WARN_DEPRECATED_OBJC_IMPLEMENTATIONS = YES;
				CLANG_WARN_DIRECT_OBJC_ISA_USAGE = YES_ERROR;
				CLANG_WARN_DOCUMENTATION_COMMENTS = YES;
				CLANG_WARN_EMPTY_BODY = YES;
				CLANG_WARN_ENUM_CONVERSION = YES;
				CLANG_WARN_INFINITE_RECURSION = YES;
				CLANG_WARN_INT_CONVERSION = YES;
				CLANG_WARN_NON_LITERAL_NULL_CONVERSION = YES;
				CLANG_WARN_OBJC_IMPLICIT_RETAIN_SELF = YES;
				CLANG_WARN_OBJC_LITERAL_CONVERSION = YES;
				CLANG_WARN_OBJC_ROOT_CLASS = YES_ERROR;
				CLANG_WARN_QUOTED_INCLUDE_IN_FRAMEWORK_HEADER = YES;
				CLANG_WARN_RANGE_LOOP_ANALYSIS = YES;
				CLANG_WARN_STRICT_PROTOTYPES = YES;
				CLANG_WARN_SUSPICIOUS_MOVE = YES;
				CLANG_WARN_UNGUARDED_AVAILABILITY = YES_AGGRESSIVE;
				CLANG_WARN_UNREACHABLE_CODE = YES;
				CLANG_WARN__DUPLICATE_METHOD_MATCH = YES;
				COPY_PHASE_STRIP = NO;
				DEBUG_INFORMATION_FORMAT = "dwarf-with-dsym";
				ENABLE_NS_ASSERTIONS = NO;
				ENABLE_STRICT_OBJC_MSGSEND = YES;
				GCC_C_LANGUAGE_STANDARD = gnu11;
				GCC_NO_COMMON_BLOCKS = YES;
				GCC_WARN_64_TO_32_BIT_CONVERSION = YES;
				GCC_WARN_ABOUT_RETURN_TYPE = YES_ERROR;
				GCC_WARN_UNDECLARED_SELECTOR = YES;
				GCC_WARN_UNINITIALIZED_AUTOS = YES_AGGRESSIVE;
				GCC_WARN_UNUSED_FUNCTION = YES;
				GCC_WARN_UNUSED_VARIABLE = YES;
				IPHONEOS_DEPLOYMENT_TARGET = 15.4;
				MTL_ENABLE_DEBUG_INFO = NO;
				MTL_FAST_MATH = YES;
				SDKROOT = iphoneos;
				SWIFT_COMPILATION_MODE = wholemodule;
				SWIFT_OPTIMIZATION_LEVEL = "-O";
				VALIDATE_PRODUCT = YES;
			};
			name = Release;
		};
		1C1A1477283F619F00B07C26 /* Debug */ = {
			isa = XCBuildConfiguration;
			buildSettings = {
				ASSETCATALOG_COMPILER_APPICON_NAME = AppIcon;
				ASSETCATALOG_COMPILER_GLOBAL_ACCENT_COLOR_NAME = AccentColor;
				CODE_SIGN_STYLE = Automatic;
				CURRENT_PROJECT_VERSION = 1;
				GENERATE_INFOPLIST_FILE = YES;
				INFOPLIST_FILE = UIKitBasics/Info.plist;
				INFOPLIST_KEY_UIApplicationSupportsIndirectInputEvents = YES;
				INFOPLIST_KEY_UILaunchStoryboardName = LaunchScreen;
				INFOPLIST_KEY_UISupportedInterfaceOrientations_iPad = "UIInterfaceOrientationPortrait UIInterfaceOrientationPortraitUpsideDown UIInterfaceOrientationLandscapeLeft UIInterfaceOrientationLandscapeRight";
				INFOPLIST_KEY_UISupportedInterfaceOrientations_iPhone = "UIInterfaceOrientationPortrait UIInterfaceOrientationLandscapeLeft UIInterfaceOrientationLandscapeRight";
				LD_RUNPATH_SEARCH_PATHS = (
					"$(inherited)",
					"@executable_path/Frameworks",
				);
				MARKETING_VERSION = 1.0;
				PRODUCT_BUNDLE_IDENTIFIER = com.artbulkhak.UIKitBasics;
				PRODUCT_NAME = "$(TARGET_NAME)";
				SWIFT_EMIT_LOC_STRINGS = YES;
				SWIFT_VERSION = 5.0;
				TARGETED_DEVICE_FAMILY = "1,2";
			};
			name = Debug;
		};
		1C1A1478283F619F00B07C26 /* Release */ = {
			isa = XCBuildConfiguration;
			buildSettings = {
				ASSETCATALOG_COMPILER_APPICON_NAME = AppIcon;
				ASSETCATALOG_COMPILER_GLOBAL_ACCENT_COLOR_NAME = AccentColor;
				CODE_SIGN_STYLE = Automatic;
				CURRENT_PROJECT_VERSION = 1;
				GENERATE_INFOPLIST_FILE = YES;
				INFOPLIST_FILE = UIKitBasics/Info.plist;
				INFOPLIST_KEY_UIApplicationSupportsIndirectInputEvents = YES;
				INFOPLIST_KEY_UILaunchStoryboardName = LaunchScreen;
				INFOPLIST_KEY_UISupportedInterfaceOrientations_iPad = "UIInterfaceOrientationPortrait UIInterfaceOrientationPortraitUpsideDown UIInterfaceOrientationLandscapeLeft UIInterfaceOrientationLandscapeRight";
				INFOPLIST_KEY_UISupportedInterfaceOrientations_iPhone = "UIInterfaceOrientationPortrait UIInterfaceOrientationLandscapeLeft UIInterfaceOrientationLandscapeRight";
				LD_RUNPATH_SEARCH_PATHS = (
					"$(inherited)",
					"@executable_path/Frameworks",
				);
				MARKETING_VERSION = 1.0;
				PRODUCT_BUNDLE_IDENTIFIER = com.artbulkhak.UIKitBasics;
				PRODUCT_NAME = "$(TARGET_NAME)";
				SWIFT_EMIT_LOC_STRINGS = YES;
				SWIFT_VERSION = 5.0;
				TARGETED_DEVICE_FAMILY = "1,2";
			};
			name = Release;
		};
/* End XCBuildConfiguration section */

/* Begin XCConfigurationList section */
		1C1A145D283F619E00B07C26 /* Build configuration list for PBXProject "UIKitBasics" */ = {
			isa = XCConfigurationList;
			buildConfigurations = (
				1C1A1474283F619F00B07C26 /* Debug */,
				1C1A1475283F619F00B07C26 /* Release */,
			);
			defaultConfigurationIsVisible = 0;
			defaultConfigurationName = Release;
		};
		1C1A1476283F619F00B07C26 /* Build configuration list for PBXNativeTarget "UIKitBasics" */ = {
			isa = XCConfigurationList;
			buildConfigurations = (
				1C1A1477283F619F00B07C26 /* Debug */,
				1C1A1478283F619F00B07C26 /* Release */,
			);
			defaultConfigurationIsVisible = 0;
			defaultConfigurationName = Release;
		};
/* End XCConfigurationList section */
	};
	rootObject = 1C1A145A283F619E00B07C26 /* Project object */;
}
